
Microsoft Visual Studio Solution File, Format Version 12.00
# Visual Studio Version 17
VisualStudioVersion = 17.7.34024.191
MinimumVisualStudioVersion = 10.0.40219.1
Project("{FAE04EC0-301F-11D3-BF4B-00C04F79EFBC}") = "QuanLyBanHang.DataLayer", "QuanLyBanHang.DataLayer\QuanLyBanHang.DataLayer.csproj", "{E7BD24A6-B47D-4E53-B6E6-57800BB38890}"
EndProject
Project("{FAE04EC0-301F-11D3-BF4B-00C04F79EFBC}") = "QuanLyBanHang.BusinessLayer", "QuanLyBanHang.BusinessLayer\QuanLyBanHang.BusinessLayer.csproj", "{DD38F8D9-3D9C-4925-AAB7-35132FE0A5BE}"
EndProject
Project("{FAE04EC0-301F-11D3-BF4B-00C04F79EFBC}") = "QuanLyBanHang.DTO", "QuanLyBanHang.DTO\QuanLyBanHang.DTO.csproj", "{DF4F4FAB-500D-4A3E-A04F-64F26673947F}"
EndProject
Project("{FAE04EC0-301F-11D3-BF4B-00C04F79EFBC}") = "QuanLyBanHang.WinForm", "QuanLyBanHang.WinForm\QuanLyBanHang.WinForm.csproj", "{152DB80B-161E-4E73-ABC8-9714E5216AA3}"
EndProject
Global
	GlobalSection(SolutionConfigurationPlatforms) = preSolution
		Debug|Any CPU = Debug|Any CPU
		Release|Any CPU = Release|Any CPU
	EndGlobalSection
	GlobalSection(ProjectConfigurationPlatforms) = postSolution
		{E7BD24A6-B47D-4E53-B6E6-57800BB38890}.Debug|Any CPU.ActiveCfg = Debug|Any CPU
		{E7BD24A6-B47D-4E53-B6E6-57800BB38890}.Debug|Any CPU.Build.0 = Debug|Any CPU
		{E7BD24A6-B47D-4E53-B6E6-57800BB38890}.Release|Any CPU.ActiveCfg = Release|Any CPU
		{E7BD24A6-B47D-4E53-B6E6-57800BB38890}.Release|Any CPU.Build.0 = Release|Any CPU
		{DD38F8D9-3D9C-4925-AAB7-35132FE0A5BE}.Debug|Any CPU.ActiveCfg = Debug|Any CPU
		{DD38F8D9-3D9C-4925-AAB7-35132FE0A5BE}.Debug|Any CPU.Build.0 = Debug|Any CPU
		{DD38F8D9-3D9C-4925-AAB7-35132FE0A5BE}.Release|Any CPU.ActiveCfg = Release|Any CPU
		{DD38F8D9-3D9C-4925-AAB7-35132FE0A5BE}.Release|Any CPU.Build.0 = Release|Any CPU
		{DF4F4FAB-500D-4A3E-A04F-64F26673947F}.Debug|Any CPU.ActiveCfg = Debug|Any CPU
		{DF4F4FAB-500D-4A3E-A04F-64F26673947F}.Debug|Any CPU.Build.0 = Debug|Any CPU
		{DF4F4FAB-500D-4A3E-A04F-64F26673947F}.Release|Any CPU.ActiveCfg = Release|Any CPU
		{DF4F4FAB-500D-4A3E-A04F-64F26673947F}.Release|Any CPU.Build.0 = Release|Any CPU
		{152DB80B-161E-4E73-ABC8-9714E5216AA3}.Debug|Any CPU.ActiveCfg = Debug|Any CPU
		{152DB80B-161E-4E73-ABC8-9714E5216AA3}.Debug|Any CPU.Build.0 = Debug|Any CPU
		{152DB80B-161E-4E73-ABC8-9714E5216AA3}.Release|Any CPU.ActiveCfg = Release|Any CPU
		{152DB80B-161E-4E73-ABC8-9714E5216AA3}.Release|Any CPU.Build.0 = Release|Any CPU
	EndGlobalSection
	GlobalSection(SolutionProperties) = preSolution
		HideSolutionNode = FALSE
	EndGlobalSection
	GlobalSection(ExtensibilityGlobals) = postSolution
		SolutionGuid = {48FCFD81-2BDD-4F45-AA08-6028BCF745E6}
	EndGlobalSection
EndGlobal
